
Microsoft Visual Studio Solution File, Format Version 12.00
# Visual Studio Version 17
VisualStudioVersion = 17.0.32112.339
MinimumVisualStudioVersion = 10.0.40219.1
Project("{FAE04EC0-301F-11D3-BF4B-00C04F79EFBC}") = "grafika1", "grafika1\grafika1.csproj", "{B9A39893-E288-4E09-96BB-C106720E6C0E}"
EndProject
Global
	GlobalSection(SolutionConfigurationPlatforms) = preSolution
		Debug|Any CPU = Debug|Any CPU
		Release|Any CPU = Release|Any CPU
	EndGlobalSection
	GlobalSection(ProjectConfigurationPlatforms) = postSolution
		{B9A39893-E288-4E09-96BB-C106720E6C0E}.Debug|Any CPU.ActiveCfg = Debug|Any CPU
		{B9A39893-E288-4E09-96BB-C106720E6C0E}.Debug|Any CPU.Build.0 = Debug|Any CPU
		{B9A39893-E288-4E09-96BB-C106720E6C0E}.Release|Any CPU.ActiveCfg = Release|Any CPU
		{B9A39893-E288-4E09-96BB-C106720E6C0E}.Release|Any CPU.Build.0 = Release|Any CPU
	EndGlobalSection
	GlobalSection(SolutionProperties) = preSolution
		HideSolutionNode = FALSE
	EndGlobalSection
	GlobalSection(ExtensibilityGlobals) = postSolution
		SolutionGuid = {937B9D4D-BE08-4BA0-A247-1A22608994A1}
	EndGlobalSection
EndGlobal
